
Microsoft Visual Studio Solution File, Format Version 12.00
# Visual Studio Version 17
VisualStudioVersion = 17.10.35027.167
MinimumVisualStudioVersion = 10.0.40219.1
Project("{9A19103F-16F7-4668-BE54-9A1E7A4F7556}") = "MHWikiToolkit", "MHWikiToolkit.csproj", "{0F894456-099C-4DC3-BFC2-7EC69C39861A}"
EndProject
Project("{9A19103F-16F7-4668-BE54-9A1E7A4F7556}") = "MediawikiTranslator", "..\Generators\MediawikiTranslator.csproj", "{AB1DA0F3-81CA-4476-84A9-E1C5C2DD36C4}"
EndProject
Project("{9A19103F-16F7-4668-BE54-9A1E7A4F7556}") = "WebToolkit", "..\WebToolkit\WebToolkit.csproj", "{2372D6A5-49EF-4E9D-B54C-F53B7AE5A9C7}"
EndProject
Global
	GlobalSection(SolutionConfigurationPlatforms) = preSolution
		Debug|Any CPU = Debug|Any CPU
		Debug|x86 = Debug|x86
		Release|Any CPU = Release|Any CPU
		Release|x86 = Release|x86
		Site|Any CPU = Site|Any CPU
		Site|x86 = Site|x86
	EndGlobalSection
	GlobalSection(ProjectConfigurationPlatforms) = postSolution
		{0F894456-099C-4DC3-BFC2-7EC69C39861A}.Debug|Any CPU.ActiveCfg = Debug|Any CPU
		{0F894456-099C-4DC3-BFC2-7EC69C39861A}.Debug|Any CPU.Build.0 = Debug|Any CPU
		{0F894456-099C-4DC3-BFC2-7EC69C39861A}.Debug|x86.ActiveCfg = Debug|x86
		{0F894456-099C-4DC3-BFC2-7EC69C39861A}.Debug|x86.Build.0 = Debug|x86
		{0F894456-099C-4DC3-BFC2-7EC69C39861A}.Release|Any CPU.ActiveCfg = Release|Any CPU
		{0F894456-099C-4DC3-BFC2-7EC69C39861A}.Release|Any CPU.Build.0 = Release|Any CPU
		{0F894456-099C-4DC3-BFC2-7EC69C39861A}.Release|x86.ActiveCfg = Release|x86
		{0F894456-099C-4DC3-BFC2-7EC69C39861A}.Release|x86.Build.0 = Release|x86
		{0F894456-099C-4DC3-BFC2-7EC69C39861A}.Site|Any CPU.ActiveCfg = Site|Any CPU
		{0F894456-099C-4DC3-BFC2-7EC69C39861A}.Site|Any CPU.Build.0 = Site|Any CPU
		{0F894456-099C-4DC3-BFC2-7EC69C39861A}.Site|x86.ActiveCfg = Site|x86
		{0F894456-099C-4DC3-BFC2-7EC69C39861A}.Site|x86.Build.0 = Site|x86
		{AB1DA0F3-81CA-4476-84A9-E1C5C2DD36C4}.Debug|Any CPU.ActiveCfg = Debug|Any CPU
		{AB1DA0F3-81CA-4476-84A9-E1C5C2DD36C4}.Debug|Any CPU.Build.0 = Debug|Any CPU
		{AB1DA0F3-81CA-4476-84A9-E1C5C2DD36C4}.Debug|x86.ActiveCfg = Debug|x86
		{AB1DA0F3-81CA-4476-84A9-E1C5C2DD36C4}.Debug|x86.Build.0 = Debug|x86
		{AB1DA0F3-81CA-4476-84A9-E1C5C2DD36C4}.Release|Any CPU.ActiveCfg = Release|Any CPU
		{AB1DA0F3-81CA-4476-84A9-E1C5C2DD36C4}.Release|Any CPU.Build.0 = Release|Any CPU
		{AB1DA0F3-81CA-4476-84A9-E1C5C2DD36C4}.Release|x86.ActiveCfg = Release|x86
		{AB1DA0F3-81CA-4476-84A9-E1C5C2DD36C4}.Release|x86.Build.0 = Release|x86
		{AB1DA0F3-81CA-4476-84A9-E1C5C2DD36C4}.Site|Any CPU.ActiveCfg = Site|Any CPU
		{AB1DA0F3-81CA-4476-84A9-E1C5C2DD36C4}.Site|Any CPU.Build.0 = Site|Any CPU
		{AB1DA0F3-81CA-4476-84A9-E1C5C2DD36C4}.Site|x86.ActiveCfg = Site|x86
		{AB1DA0F3-81CA-4476-84A9-E1C5C2DD36C4}.Site|x86.Build.0 = Site|x86
		{2372D6A5-49EF-4E9D-B54C-F53B7AE5A9C7}.Debug|Any CPU.ActiveCfg = Debug|Any CPU
		{2372D6A5-49EF-4E9D-B54C-F53B7AE5A9C7}.Debug|Any CPU.Build.0 = Debug|Any CPU
		{2372D6A5-49EF-4E9D-B54C-F53B7AE5A9C7}.Debug|x86.ActiveCfg = Debug|x86
		{2372D6A5-49EF-4E9D-B54C-F53B7AE5A9C7}.Debug|x86.Build.0 = Debug|x86
		{2372D6A5-49EF-4E9D-B54C-F53B7AE5A9C7}.Release|Any CPU.ActiveCfg = Release|Any CPU
		{2372D6A5-49EF-4E9D-B54C-F53B7AE5A9C7}.Release|Any CPU.Build.0 = Release|Any CPU
		{2372D6A5-49EF-4E9D-B54C-F53B7AE5A9C7}.Release|x86.ActiveCfg = Release|x86
		{2372D6A5-49EF-4E9D-B54C-F53B7AE5A9C7}.Release|x86.Build.0 = Release|x86
		{2372D6A5-49EF-4E9D-B54C-F53B7AE5A9C7}.Site|Any CPU.ActiveCfg = Site|Any CPU
		{2372D6A5-49EF-4E9D-B54C-F53B7AE5A9C7}.Site|Any CPU.Build.0 = Site|Any CPU
		{2372D6A5-49EF-4E9D-B54C-F53B7AE5A9C7}.Site|x86.ActiveCfg = Site|x86
		{2372D6A5-49EF-4E9D-B54C-F53B7AE5A9C7}.Site|x86.Build.0 = Site|x86
	EndGlobalSection
	GlobalSection(SolutionProperties) = preSolution
		HideSolutionNode = FALSE
	EndGlobalSection
	GlobalSection(ExtensibilityGlobals) = postSolution
		SolutionGuid = {E7020351-8CD7-4356-A25E-2900B0076700}
	EndGlobalSection
EndGlobal
